
Microsoft Visual Studio Solution File, Format Version 12.00
# Visual Studio Version 17
VisualStudioVersion = 17.1.32407.343
MinimumVisualStudioVersion = 10.0.40219.1
Project("{8BC9CEB8-8B4A-11D0-8D11-00A0C91BC942}") = "通讯录文件版", "通讯录文件版\通讯录文件版.vcxproj", "{6A209049-EB64-4065-A592-B7AB5852E5AF}"
EndProject
Global
	GlobalSection(SolutionConfigurationPlatforms) = preSolution
		Debug|x64 = Debug|x64
		Debug|x86 = Debug|x86
		Release|x64 = Release|x64
		Release|x86 = Release|x86
	EndGlobalSection
	GlobalSection(ProjectConfigurationPlatforms) = postSolution
		{6A209049-EB64-4065-A592-B7AB5852E5AF}.Debug|x64.ActiveCfg = Debug|x64
		{6A209049-EB64-4065-A592-B7AB5852E5AF}.Debug|x64.Build.0 = Debug|x64
		{6A209049-EB64-4065-A592-B7AB5852E5AF}.Debug|x86.ActiveCfg = Debug|Win32
		{6A209049-EB64-4065-A592-B7AB5852E5AF}.Debug|x86.Build.0 = Debug|Win32
		{6A209049-EB64-4065-A592-B7AB5852E5AF}.Release|x64.ActiveCfg = Release|x64
		{6A209049-EB64-4065-A592-B7AB5852E5AF}.Release|x64.Build.0 = Release|x64
		{6A209049-EB64-4065-A592-B7AB5852E5AF}.Release|x86.ActiveCfg = Release|Win32
		{6A209049-EB64-4065-A592-B7AB5852E5AF}.Release|x86.Build.0 = Release|Win32
	EndGlobalSection
	GlobalSection(SolutionProperties) = preSolution
		HideSolutionNode = FALSE
	EndGlobalSection
	GlobalSection(ExtensibilityGlobals) = postSolution
		SolutionGuid = {1E667D11-939A-4C6C-B968-2583D1180BA5}
	EndGlobalSection
EndGlobal
